{
  "nodes": {
    "devenv": {
      "locked": {
        "dir": "src/modules",
        "lastModified": 1773374253,
        "narHash": "sha256-f7kqR4U/+8z28xxftQIMQBzI6v03IfrZ3fmVb4eBFE0=",
        "owner": "cachix",
        "repo": "devenv",
        "rev": "ae81f22324d9bef6a81a94a1100bb1da337727fb",
        "type": "github"
      },
      "original": {
        "dir": "src/modules",
        "owner": "cachix",
        "repo": "devenv",
        "type": "github"
      }
    },
    "nixpkgs": {
      "locked": {
        "lastModified": 1773231277,
        "narHash": "sha256-Xy3WEpUAbpsz8ydgvVAQAGGB/WB+8cNA5cshiL0McTI=",
        "owner": "NixOS",
        "repo": "nixpkgs",
        "rev": "75690239f08f885ca9b0267580101f60d10fbe62",
        "type": "github"
      },
      "original": {
        "owner": "NixOS",
        "ref": "nixpkgs-unstable",
        "repo": "nixpkgs",
        "type": "github"
      }
    },
    "root": {
      "inputs": {
        "devenv": "devenv",
        "nixpkgs": "nixpkgs"
      }
    }
  },
  "root": "root",
  "version": 7
}